
Microsoft Visual Studio Solution File, Format Version 12.00
# Visual Studio Version 17
VisualStudioVersion = 17.13.35806.99 d17.13
MinimumVisualStudioVersion = 10.0.40219.1
Project("{FAE04EC0-301F-11D3-BF4B-00C04F79EFBC}") = "Trojan", "Trojan\Trojan.csproj", "{39D5CD7D-34A4-4A5C-9EBC-3420A0E828A8}"
EndProject
Project("{FAE04EC0-301F-11D3-BF4B-00C04F79EFBC}") = "Core", "Core\Core.csproj", "{89F57B71-E10C-494C-BF4A-52974C0C45A6}"
EndProject
Project("{FAE04EC0-301F-11D3-BF4B-00C04F79EFBC}") = "OptService", "OptService\OptService.csproj", "{ADC2F9D9-C5DC-4C61-9513-FE5247359A0C}"
EndProject
Project("{FAE04EC0-301F-11D3-BF4B-00C04F79EFBC}") = "IdoBookService", "IdoBookService\IdoBookService.csproj", "{082DA14A-B8E0-455D-A9C8-501EEEEAAFB8}"
EndProject
Project("{FAE04EC0-301F-11D3-BF4B-00C04F79EFBC}") = "Infrastructure", "Infrastructure\Infrastructure.csproj", "{E3EB6674-4CDA-4CB6-AB45-AC074A0BA042}"
EndProject
Global
	GlobalSection(SolutionConfigurationPlatforms) = preSolution
		Debug|Any CPU = Debug|Any CPU
		Release|Any CPU = Release|Any CPU
	EndGlobalSection
	GlobalSection(ProjectConfigurationPlatforms) = postSolution
		{39D5CD7D-34A4-4A5C-9EBC-3420A0E828A8}.Debug|Any CPU.ActiveCfg = Debug|Any CPU
		{39D5CD7D-34A4-4A5C-9EBC-3420A0E828A8}.Debug|Any CPU.Build.0 = Debug|Any CPU
		{39D5CD7D-34A4-4A5C-9EBC-3420A0E828A8}.Release|Any CPU.ActiveCfg = Release|Any CPU
		{39D5CD7D-34A4-4A5C-9EBC-3420A0E828A8}.Release|Any CPU.Build.0 = Release|Any CPU
		{89F57B71-E10C-494C-BF4A-52974C0C45A6}.Debug|Any CPU.ActiveCfg = Debug|Any CPU
		{89F57B71-E10C-494C-BF4A-52974C0C45A6}.Debug|Any CPU.Build.0 = Debug|Any CPU
		{89F57B71-E10C-494C-BF4A-52974C0C45A6}.Release|Any CPU.ActiveCfg = Release|Any CPU
		{89F57B71-E10C-494C-BF4A-52974C0C45A6}.Release|Any CPU.Build.0 = Release|Any CPU
		{ADC2F9D9-C5DC-4C61-9513-FE5247359A0C}.Debug|Any CPU.ActiveCfg = Debug|Any CPU
		{ADC2F9D9-C5DC-4C61-9513-FE5247359A0C}.Debug|Any CPU.Build.0 = Debug|Any CPU
		{ADC2F9D9-C5DC-4C61-9513-FE5247359A0C}.Release|Any CPU.ActiveCfg = Release|Any CPU
		{ADC2F9D9-C5DC-4C61-9513-FE5247359A0C}.Release|Any CPU.Build.0 = Release|Any CPU
		{082DA14A-B8E0-455D-A9C8-501EEEEAAFB8}.Debug|Any CPU.ActiveCfg = Debug|Any CPU
		{082DA14A-B8E0-455D-A9C8-501EEEEAAFB8}.Debug|Any CPU.Build.0 = Debug|Any CPU
		{082DA14A-B8E0-455D-A9C8-501EEEEAAFB8}.Release|Any CPU.ActiveCfg = Release|Any CPU
		{082DA14A-B8E0-455D-A9C8-501EEEEAAFB8}.Release|Any CPU.Build.0 = Release|Any CPU
		{E3EB6674-4CDA-4CB6-AB45-AC074A0BA042}.Debug|Any CPU.ActiveCfg = Debug|Any CPU
		{E3EB6674-4CDA-4CB6-AB45-AC074A0BA042}.Debug|Any CPU.Build.0 = Debug|Any CPU
		{E3EB6674-4CDA-4CB6-AB45-AC074A0BA042}.Release|Any CPU.ActiveCfg = Release|Any CPU
		{E3EB6674-4CDA-4CB6-AB45-AC074A0BA042}.Release|Any CPU.Build.0 = Release|Any CPU
	EndGlobalSection
	GlobalSection(SolutionProperties) = preSolution
		HideSolutionNode = FALSE
	EndGlobalSection
	GlobalSection(ExtensibilityGlobals) = postSolution
		SolutionGuid = {AD7526FA-4C1B-42AB-AB01-0A90B56C9128}
	EndGlobalSection
EndGlobal
